# This file is autogenerated, do not edit; changes may be undone by the next 'dep ensure'.


[[projects]]
  name = "cloud.google.com/go"
  packages = ["compute/metadata"]
  revision = "050b16d2314d5fc3d4c9a51e4cd5c7468e77f162"
  version = "v0.17.0"

[[projects]]
  name = "github.com/PuerkitoBio/purell"
  packages = ["."]
  revision = "0bcb03f4b4d0a9428594752bd2a3b9aa0a9d4bd4"
  version = "v1.1.0"

[[projects]]
  branch = "master"
  name = "github.com/PuerkitoBio/urlesc"
  packages = ["."]
  revision = "de5bf2ad457846296e2031421a34e2568e304e35"

[[projects]]
  branch = "master"
  name = "github.com/beorn7/perks"
  packages = ["quantile"]
  revision = "4c0e84591b9aa9e6dcfdf3e020114cd81f89d5f9"

[[projects]]
  name = "github.com/davecgh/go-spew"
  packages = ["spew"]
  revision = "346938d642f2ec3594ed81d874461961cd0faa76"
  version = "v1.1.0"

[[projects]]
  name = "github.com/dgrijalva/jwt-go"
  packages = ["."]
  revision = "dbeaa9332f19a944acb5736b4456cfcc02140e29"
  version = "v3.1.0"

[[projects]]
  name = "github.com/docker/distribution"
  packages = ["digestset","reference"]
  revision = "edc3ab29cdff8694dd6feb85cfeb4b5f1b38ed9c"

[[projects]]
  name = "github.com/emicklei/go-restful"
  packages = [".","log"]
  revision = "5741799b275a3c4a5a9623a993576d7545cf7b5c"
  version = "v2.4.0"

[[projects]]
  name = "github.com/ghodss/yaml"
  packages = ["."]
  revision = "0ca9ea5df5451ffdf184b4428c902747c2c11cd7"
  version = "v1.0.0"

[[projects]]
  branch = "master"
  name = "github.com/go-openapi/jsonpointer"
  packages = ["."]
  revision = "779f45308c19820f1a69e9a4cd965f496e0da10f"

[[projects]]
  branch = "master"
  name = "github.com/go-openapi/jsonreference"
  packages = ["."]
  revision = "36d33bfe519efae5632669801b180bf1a245da3b"

[[projects]]
  branch = "master"
  name = "github.com/go-openapi/spec"
  packages = ["."]
  revision = "fa03337d7da5735229ee8f5e9d5d0b996014b7f8"

[[projects]]
  branch = "master"
  name = "github.com/go-openapi/swag"
  packages = ["."]
  revision = "cf0bdb963811675a4d7e74901cefc7411a1df939"

[[projects]]
  name = "github.com/gogo/protobuf"
  packages = ["proto","sortkeys"]
  revision = "342cbe0a04158f6dcb03ca0079991a51a4248c02"
  version = "v0.5"

[[projects]]
  name = "github.com/golang/glog"
  packages = ["."]
  revision = "23def4e6c14b4da8ac2ed8007337bc5eb5007998"

[[projects]]
  branch = "master"
  name = "github.com/golang/groupcache"
  packages = ["lru"]
  revision = "84a468cf14b4376def5d68c722b139b881c450a4"

[[projects]]
  branch = "master"
  name = "github.com/golang/protobuf"
  packages = ["proto","ptypes","ptypes/any","ptypes/duration","ptypes/timestamp"]
  revision = "1e59b77b52bf8e4b449a57e6f79f21226d571845"

[[projects]]
  branch = "master"
  name = "github.com/google/btree"
  packages = ["."]
  revision = "316fb6d3f031ae8f4d457c6c5186b9e3ded70435"

[[projects]]
  branch = "master"
  name = "github.com/google/gofuzz"
  packages = ["."]
  revision = "24818f796faf91cd76ec7bddd72458fbced7a6c1"

[[projects]]
  name = "github.com/googleapis/gnostic"
  packages = ["OpenAPIv2","compiler","extensions"]
  revision = "ee43cbb60db7bd22502942cccbc39059117352ab"
  version = "v0.1.0"

[[projects]]
  name = "github.com/gorilla/websocket"
  packages = ["."]
  revision = "ea4d1f681babbce9545c9c5f3d5194a789c89f5b"
  version = "v1.2.0"

[[projects]]
  branch = "master"
  name = "github.com/gregjones/httpcache"
  packages = [".","diskcache"]
  revision = "2bcd89a1743fd4b373f7370ce8ddc14dfbd18229"

[[projects]]
  branch = "master"
  name = "github.com/hashicorp/golang-lru"
  packages = [".","simplelru"]
  revision = "0a025b7e63adc15a622f29b0b2c4c3848243bbf6"

[[projects]]
  branch = "master"
  name = "github.com/howeyc/gopass"
  packages = ["."]
  revision = "bf9dde6d0d2c004a008c27aaee91170c786f6db8"

[[projects]]
  name = "github.com/imdario/mergo"
  packages = ["."]
  revision = "7fe0c75c13abdee74b09fcacef5ea1c6bba6a874"
  version = "0.2.4"

[[projects]]
  name = "github.com/json-iterator/go"
  packages = ["."]
  revision = "f7279a603edee96fe7764d3de9c6ff8cf9970994"
  version = "1.0.4"

[[projects]]
  branch = "master"
  name = "github.com/juju/ratelimit"
  packages = ["."]
  revision = "59fac5042749a5afb9af70e813da1dd5474f0167"

[[projects]]
  branch = "master"
  name = "github.com/mailru/easyjson"
  packages = ["buffer","jlexer","jwriter"]
  revision = "32fa128f234d041f196a9f3e0fea5ac9772c08e1"

[[projects]]
  name = "github.com/matttproud/golang_protobuf_extensions"
  packages = ["pbutil"]
  revision = "3247c84500bff8d9fb6d579d800f20b3e091582c"
  version = "v1.0.0"

[[projects]]
  name = "github.com/opencontainers/go-digest"
  packages = ["."]
  revision = "279bed98673dd5bef374d3b6e4b09e2af76183bf"
  version = "v1.0.0-rc1"

[[projects]]
  name = "github.com/pborman/uuid"
  packages = ["."]
  revision = "e790cca94e6cc75c7064b1332e63811d4aae1a53"
  version = "v1.1"

[[projects]]
  branch = "master"
  name = "github.com/petar/GoLLRB"
  packages = ["llrb"]
  revision = "53be0d36a84c2a886ca057d34b6aa4468df9ccb4"

[[projects]]
  name = "github.com/peterbourgon/diskv"
  packages = ["."]
  revision = "5f041e8faa004a95c88a202771f4cc3e991971e6"
  version = "v2.0.1"

[[projects]]
  name = "github.com/prometheus/client_golang"
  packages = ["prometheus","prometheus/promhttp"]
  revision = "c5b7fccd204277076155f10851dad72b76a49317"
  version = "v0.8.0"

[[projects]]
  branch = "master"
  name = "github.com/prometheus/client_model"
  packages = ["go"]
  revision = "99fa1f4be8e564e8a6b613da7fa6f46c9edafc6c"

[[projects]]
  branch = "master"
  name = "github.com/prometheus/common"
  packages = ["expfmt","internal/bitbucket.org/ww/goautoneg","model"]
  revision = "2e54d0b93cba2fd133edc32211dcc32c06ef72ca"

[[projects]]
  branch = "master"
  name = "github.com/prometheus/procfs"
  packages = [".","xfs"]
  revision = "b15cd069a83443be3154b719d0cc9fe8117f09fb"

[[projects]]
  name = "github.com/spf13/pflag"
  packages = ["."]
  revision = "e57e3eeb33f795204c1ca35f56c44f83227c6e66"
  version = "v1.0.0"

[[projects]]
  branch = "master"
  name = "golang.org/x/crypto"
  packages = ["ssh/terminal"]
  revision = "d585fd2cc9195196078f516b69daff6744ef5e84"

[[projects]]
  branch = "master"
  name = "golang.org/x/net"
  packages = ["context","context/ctxhttp","http2","http2/hpack","idna","lex/httplex"]
  revision = "d866cfc389cec985d6fda2859936a575a55a3ab6"

[[projects]]
  branch = "master"
  name = "golang.org/x/oauth2"
  packages = [".","google","internal","jws","jwt"]
  revision = "197281d4e0ecd78c33865daf9c6e51626feefcb2"

[[projects]]
  branch = "master"
  name = "golang.org/x/sys"
  packages = ["unix","windows"]
  revision = "83801418e1b59fb1880e363299581ee543af32ca"

[[projects]]
  branch = "master"
  name = "golang.org/x/text"
  packages = ["collate","collate/build","internal/colltab","internal/gen","internal/tag","internal/triegen","internal/ucd","language","secure/bidirule","transform","unicode/bidi","unicode/cldr","unicode/norm","unicode/rangetable","width"]
  revision = "e19ae1496984b1c655b8044a65c0300a3c878dd3"

[[projects]]
  name = "google.golang.org/api"
  packages = ["compute/v0.alpha","compute/v0.beta","compute/v1","container/v1","gensupport","googleapi","googleapi/internal/uritemplates"]
  revision = "373a4c220f5c90e5b7ff7101779c5be385d171be"

[[projects]]
  name = "google.golang.org/appengine"
  packages = [".","internal","internal/app_identity","internal/base","internal/datastore","internal/log","internal/modules","internal/remote_api","internal/urlfetch","urlfetch"]
  revision = "150dc57a1b433e64154302bdc40b6bb8aefa313a"
  version = "v1.0.0"

[[projects]]
  name = "gopkg.in/gcfg.v1"
  packages = [".","scanner","token","types"]
  revision = "298b7a6a3838f79debfaee8bd3bfb2b8d779e756"
  version = "v1.2.1"

[[projects]]
  name = "gopkg.in/inf.v0"
  packages = ["."]
  revision = "3887ee99ecf07df5b447e9b00d9c0b2adaa9f3e4"
  version = "v0.9.0"

[[projects]]
  name = "gopkg.in/warnings.v0"
  packages = ["."]
  revision = "ec4a0fea49c7b46c2aeb0b51aac55779c607e52b"
  version = "v0.1.2"

[[projects]]
  branch = "v2"
  name = "gopkg.in/yaml.v2"
  packages = ["."]
  revision = "287cf08546ab5e7e37d55a84f7ed3fd1db036de5"

[[projects]]
  name = "k8s.io/api"
  packages = ["admissionregistration/v1alpha1","admissionregistration/v1beta1","apps/v1","apps/v1beta1","apps/v1beta2","authentication/v1","authentication/v1beta1","authorization/v1","authorization/v1beta1","autoscaling/v1","autoscaling/v2beta1","batch/v1","batch/v1beta1","batch/v2alpha1","certificates/v1beta1","core/v1","events/v1beta1","extensions/v1beta1","networking/v1","policy/v1beta1","rbac/v1","rbac/v1alpha1","rbac/v1beta1","scheduling/v1alpha1","settings/v1alpha1","storage/v1","storage/v1alpha1","storage/v1beta1"]
  revision = "02509811a0e5c1e5bb0656e31ec861da05cd801c"

[[projects]]
  branch = "master"
  name = "k8s.io/apiextensions-apiserver"
  packages = ["pkg/features"]
  revision = "cc6478d1f0cc11882137b67e8137d387e68ce63a"

[[projects]]
  name = "k8s.io/apimachinery"
  packages = ["pkg/api/equality","pkg/api/errors","pkg/api/meta","pkg/api/resource","pkg/api/validation","pkg/apimachinery","pkg/apimachinery/announced","pkg/apimachinery/registered","pkg/apis/meta/internalversion","pkg/apis/meta/v1","pkg/apis/meta/v1/unstructured","pkg/apis/meta/v1/validation","pkg/apis/meta/v1alpha1","pkg/conversion","pkg/conversion/queryparams","pkg/fields","pkg/labels","pkg/runtime","pkg/runtime/schema","pkg/runtime/serializer","pkg/runtime/serializer/json","pkg/runtime/serializer/protobuf","pkg/runtime/serializer/recognizer","pkg/runtime/serializer/streaming","pkg/runtime/serializer/versioning","pkg/selection","pkg/types","pkg/util/cache","pkg/util/clock","pkg/util/diff","pkg/util/errors","pkg/util/framer","pkg/util/intstr","pkg/util/json","pkg/util/mergepatch","pkg/util/net","pkg/util/runtime","pkg/util/sets","pkg/util/strategicpatch","pkg/util/uuid","pkg/util/validation","pkg/util/validation/field","pkg/util/wait","pkg/util/yaml","pkg/version","pkg/watch","third_party/forked/golang/json","third_party/forked/golang/reflect"]
  revision = "kubernetes-1.9.0"

[[projects]]
  branch = "master"
  name = "k8s.io/apiserver"
  packages = ["pkg/authentication/authenticator","pkg/authentication/serviceaccount","pkg/authentication/user","pkg/features","pkg/util/feature"]
  revision = "0edeb49d092e08b78add7a3827745c37b6634f3e"

[[projects]]
  name = "k8s.io/client-go"
  packages = ["discovery","discovery/fake","informers","informers/admissionregistration","informers/admissionregistration/v1alpha1","informers/admissionregistration/v1beta1","informers/apps","informers/apps/v1","informers/apps/v1beta1","informers/apps/v1beta2","informers/autoscaling","informers/autoscaling/v1","informers/autoscaling/v2beta1","informers/batch","informers/batch/v1","informers/batch/v1beta1","informers/batch/v2alpha1","informers/certificates","informers/certificates/v1beta1","informers/core","informers/core/v1","informers/events","informers/events/v1beta1","informers/extensions","informers/extensions/v1beta1","informers/internalinterfaces","informers/networking","informers/networking/v1","informers/policy","informers/policy/v1beta1","informers/rbac","informers/rbac/v1","informers/rbac/v1alpha1","informers/rbac/v1beta1","informers/scheduling","informers/scheduling/v1alpha1","informers/settings","informers/settings/v1alpha1","informers/storage","informers/storage/v1","informers/storage/v1alpha1","informers/storage/v1beta1","kubernetes","kubernetes/fake","kubernetes/scheme","kubernetes/typed/admissionregistration/v1alpha1","kubernetes/typed/admissionregistration/v1alpha1/fake","kubernetes/typed/admissionregistration/v1beta1","kubernetes/typed/admissionregistration/v1beta1/fake","kubernetes/typed/apps/v1","kubernetes/typed/apps/v1/fake","kubernetes/typed/apps/v1beta1","kubernetes/typed/apps/v1beta1/fake","kubernetes/typed/apps/v1beta2","kubernetes/typed/apps/v1beta2/fake","kubernetes/typed/authentication/v1","kubernetes/typed/authentication/v1/fake","kubernetes/typed/authentication/v1beta1","kubernetes/typed/authentication/v1beta1/fake","kubernetes/typed/authorization/v1","kubernetes/typed/authorization/v1/fake","kubernetes/typed/authorization/v1beta1","kubernetes/typed/authorization/v1beta1/fake","kubernetes/typed/autoscaling/v1","kubernetes/typed/autoscaling/v1/fake","kubernetes/typed/autoscaling/v2beta1","kubernetes/typed/autoscaling/v2beta1/fake","kubernetes/typed/batch/v1","kubernetes/typed/batch/v1/fake","kubernetes/typed/batch/v1beta1","kubernetes/typed/batch/v1beta1/fake","kubernetes/typed/batch/v2alpha1","kubernetes/typed/batch/v2alpha1/fake","kubernetes/typed/certificates/v1beta1","kubernetes/typed/certificates/v1beta1/fake","kubernetes/typed/core/v1","kubernetes/typed/core/v1/fake","kubernetes/typed/events/v1beta1","kubernetes/typed/events/v1beta1/fake","kubernetes/typed/extensions/v1beta1","kubernetes/typed/extensions/v1beta1/fake","kubernetes/typed/networking/v1","kubernetes/typed/networking/v1/fake","kubernetes/typed/policy/v1beta1","kubernetes/typed/policy/v1beta1/fake","kubernetes/typed/rbac/v1","kubernetes/typed/rbac/v1/fake","kubernetes/typed/rbac/v1alpha1","kubernetes/typed/rbac/v1alpha1/fake","kubernetes/typed/rbac/v1beta1","kubernetes/typed/rbac/v1beta1/fake","kubernetes/typed/scheduling/v1alpha1","kubernetes/typed/scheduling/v1alpha1/fake","kubernetes/typed/settings/v1alpha1","kubernetes/typed/settings/v1alpha1/fake","kubernetes/typed/storage/v1","kubernetes/typed/storage/v1/fake","kubernetes/typed/storage/v1alpha1","kubernetes/typed/storage/v1alpha1/fake","kubernetes/typed/storage/v1beta1","kubernetes/typed/storage/v1beta1/fake","listers/admissionregistration/v1alpha1","listers/admissionregistration/v1beta1","listers/apps/v1","listers/apps/v1beta1","listers/apps/v1beta2","listers/autoscaling/v1","listers/autoscaling/v2beta1","listers/batch/v1","listers/batch/v1beta1","listers/batch/v2alpha1","listers/certificates/v1beta1","listers/core/v1","listers/events/v1beta1","listers/extensions/v1beta1","listers/networking/v1","listers/policy/v1beta1","listers/rbac/v1","listers/rbac/v1alpha1","listers/rbac/v1beta1","listers/scheduling/v1alpha1","listers/settings/v1alpha1","listers/storage/v1","listers/storage/v1alpha1","listers/storage/v1beta1","pkg/version","plugin/pkg/client/auth/gcp","rest","rest/watch","testing","third_party/forked/golang/template","tools/auth","tools/cache","tools/clientcmd","tools/clientcmd/api","tools/clientcmd/api/latest","tools/clientcmd/api/v1","tools/metrics","tools/pager","tools/record","tools/reference","transport","util/buffer","util/cert","util/flowcontrol","util/homedir","util/integer","util/jsonpath","util/retry","util/workqueue"]
  revision = "kubernetes-1.9.0"

[[projects]]
  branch = "master"
  name = "k8s.io/cluster-registry"
  packages = [
    "pkg/apis/clusterregistry/v1alpha1",
    "pkg/client/clientset_generated/clientset",
    "pkg/client/clientset_generated/clientset/scheme",
    "pkg/client/clientset_generated/clientset/typed/clusterregistry/v1alpha1",
    "pkg/client/informers_generated/externalversions/clusterregistry/v1alpha1",
    "pkg/client/informers_generated/externalversions/internalinterfaces",
    "pkg/client/listers_generated/clusterregistry/v1alpha1"
  ]
  revision = "0309542bf91ca34c577e19769418561f65af5226"

[[projects]]
  branch = "master"
  name = "k8s.io/kube-openapi"
  packages = ["pkg/common","pkg/util/proto"]
  revision = "b16ebc07f5cad97831f961e4b5a9cc1caed33b7e"

[[projects]]
  name = "k8s.io/kubernetes"
  packages = ["pkg/api/legacyscheme","pkg/api/service","pkg/api/v1/pod","pkg/api/v1/service","pkg/apis/autoscaling","pkg/apis/core","pkg/apis/core/helper","pkg/apis/core/install","pkg/apis/core/pods","pkg/apis/core/v1","pkg/apis/core/v1/helper","pkg/apis/core/validation","pkg/apis/extensions","pkg/apis/networking","pkg/capabilities","pkg/cloudprovider","pkg/cloudprovider/providers/gce","pkg/cloudprovider/providers/gce/cloud","pkg/cloudprovider/providers/gce/cloud/filter","pkg/cloudprovider/providers/gce/cloud/meta","pkg/controller","pkg/features","pkg/fieldpath","pkg/kubelet/apis","pkg/kubelet/types","pkg/master/ports","pkg/security/apparmor","pkg/serviceaccount","pkg/util/file","pkg/util/hash","pkg/util/io","pkg/util/mount","pkg/util/net/sets","pkg/util/nsenter","pkg/util/parsers","pkg/util/pointer","pkg/util/taints","pkg/util/version","pkg/version","pkg/volume","pkg/volume/util"]
  revision = "7652c252d4ce2aea1563853bef0438769c5781fd"

[[projects]]
  branch = "master"
  name = "k8s.io/utils"
  packages = ["exec"]
  revision = "0ab3217ce272697eb60feb79a613a86a2fab7918"

[solve-meta]
  analyzer-name = "dep"
  analyzer-version = 1
  inputs-digest = "be35c28d01485c9d48cba15a847f2f6756c6bfd0ac3dae612d3c522566b2b48f"
  solver-name = "gps-cdcl"
  solver-version = 1
